
Microsoft Visual Studio Solution File, Format Version 12.00
# Visual Studio Version 16
VisualStudioVersion = 16.0.30011.22
MinimumVisualStudioVersion = 10.0.40219.1
Project("{FAE04EC0-301F-11D3-BF4B-00C04F79EFBC}") = "FireBaseExemploXamarinForms.Android", "FireBaseExemploXamarinForms\FireBaseExemploXamarinForms.Android\FireBaseExemploXamarinForms.Android.csproj", "{75673612-BC1E-47DD-ABBF-A336B01DBE71}"
EndProject
Project("{FAE04EC0-301F-11D3-BF4B-00C04F79EFBC}") = "FireBaseExemploXamarinForms.iOS", "FireBaseExemploXamarinForms\FireBaseExemploXamarinForms.iOS\FireBaseExemploXamarinForms.iOS.csproj", "{FDDA2902-0AA2-4579-BA58-0BE1FEB8F428}"
EndProject
Project("{FAE04EC0-301F-11D3-BF4B-00C04F79EFBC}") = "FireBaseExemploXamarinForms", "FireBaseExemploXamarinForms\FireBaseExemploXamarinForms\FireBaseExemploXamarinForms.csproj", "{5F54F853-FB7D-4EEB-BD3A-E7E2BC556795}"
EndProject
Global
	GlobalSection(SolutionConfigurationPlatforms) = preSolution
		Debug|Any CPU = Debug|Any CPU
		Debug|iPhone = Debug|iPhone
		Debug|iPhoneSimulator = Debug|iPhoneSimulator
		Release|Any CPU = Release|Any CPU
		Release|iPhone = Release|iPhone
		Release|iPhoneSimulator = Release|iPhoneSimulator
	EndGlobalSection
	GlobalSection(ProjectConfigurationPlatforms) = postSolution
		{75673612-BC1E-47DD-ABBF-A336B01DBE71}.Debug|Any CPU.ActiveCfg = Debug|Any CPU
		{75673612-BC1E-47DD-ABBF-A336B01DBE71}.Debug|Any CPU.Build.0 = Debug|Any CPU
		{75673612-BC1E-47DD-ABBF-A336B01DBE71}.Debug|Any CPU.Deploy.0 = Debug|Any CPU
		{75673612-BC1E-47DD-ABBF-A336B01DBE71}.Debug|iPhone.ActiveCfg = Debug|Any CPU
		{75673612-BC1E-47DD-ABBF-A336B01DBE71}.Debug|iPhone.Build.0 = Debug|Any CPU
		{75673612-BC1E-47DD-ABBF-A336B01DBE71}.Debug|iPhone.Deploy.0 = Debug|Any CPU
		{75673612-BC1E-47DD-ABBF-A336B01DBE71}.Debug|iPhoneSimulator.ActiveCfg = Debug|Any CPU
		{75673612-BC1E-47DD-ABBF-A336B01DBE71}.Debug|iPhoneSimulator.Build.0 = Debug|Any CPU
		{75673612-BC1E-47DD-ABBF-A336B01DBE71}.Debug|iPhoneSimulator.Deploy.0 = Debug|Any CPU
		{75673612-BC1E-47DD-ABBF-A336B01DBE71}.Release|Any CPU.ActiveCfg = Release|Any CPU
		{75673612-BC1E-47DD-ABBF-A336B01DBE71}.Release|Any CPU.Build.0 = Release|Any CPU
		{75673612-BC1E-47DD-ABBF-A336B01DBE71}.Release|Any CPU.Deploy.0 = Release|Any CPU
		{75673612-BC1E-47DD-ABBF-A336B01DBE71}.Release|iPhone.ActiveCfg = Release|Any CPU
		{75673612-BC1E-47DD-ABBF-A336B01DBE71}.Release|iPhone.Build.0 = Release|Any CPU
		{75673612-BC1E-47DD-ABBF-A336B01DBE71}.Release|iPhone.Deploy.0 = Release|Any CPU
		{75673612-BC1E-47DD-ABBF-A336B01DBE71}.Release|iPhoneSimulator.ActiveCfg = Release|Any CPU
		{75673612-BC1E-47DD-ABBF-A336B01DBE71}.Release|iPhoneSimulator.Build.0 = Release|Any CPU
		{75673612-BC1E-47DD-ABBF-A336B01DBE71}.Release|iPhoneSimulator.Deploy.0 = Release|Any CPU
		{FDDA2902-0AA2-4579-BA58-0BE1FEB8F428}.Debug|Any CPU.ActiveCfg = Debug|iPhone
		{FDDA2902-0AA2-4579-BA58-0BE1FEB8F428}.Debug|Any CPU.Build.0 = Debug|iPhone
		{FDDA2902-0AA2-4579-BA58-0BE1FEB8F428}.Debug|Any CPU.Deploy.0 = Debug|iPhone
		{FDDA2902-0AA2-4579-BA58-0BE1FEB8F428}.Debug|iPhone.ActiveCfg = Debug|iPhone
		{FDDA2902-0AA2-4579-BA58-0BE1FEB8F428}.Debug|iPhone.Build.0 = Debug|iPhone
		{FDDA2902-0AA2-4579-BA58-0BE1FEB8F428}.Debug|iPhone.Deploy.0 = Debug|iPhone
		{FDDA2902-0AA2-4579-BA58-0BE1FEB8F428}.Debug|iPhoneSimulator.ActiveCfg = Debug|iPhoneSimulator
		{FDDA2902-0AA2-4579-BA58-0BE1FEB8F428}.Debug|iPhoneSimulator.Build.0 = Debug|iPhoneSimulator
		{FDDA2902-0AA2-4579-BA58-0BE1FEB8F428}.Debug|iPhoneSimulator.Deploy.0 = Debug|iPhoneSimulator
		{FDDA2902-0AA2-4579-BA58-0BE1FEB8F428}.Release|Any CPU.ActiveCfg = Release|iPhone
		{FDDA2902-0AA2-4579-BA58-0BE1FEB8F428}.Release|Any CPU.Build.0 = Release|iPhone
		{FDDA2902-0AA2-4579-BA58-0BE1FEB8F428}.Release|Any CPU.Deploy.0 = Release|iPhone
		{FDDA2902-0AA2-4579-BA58-0BE1FEB8F428}.Release|iPhone.ActiveCfg = Release|iPhone
		{FDDA2902-0AA2-4579-BA58-0BE1FEB8F428}.Release|iPhone.Build.0 = Release|iPhone
		{FDDA2902-0AA2-4579-BA58-0BE1FEB8F428}.Release|iPhone.Deploy.0 = Release|iPhone
		{FDDA2902-0AA2-4579-BA58-0BE1FEB8F428}.Release|iPhoneSimulator.ActiveCfg = Release|iPhoneSimulator
		{FDDA2902-0AA2-4579-BA58-0BE1FEB8F428}.Release|iPhoneSimulator.Build.0 = Release|iPhoneSimulator
		{FDDA2902-0AA2-4579-BA58-0BE1FEB8F428}.Release|iPhoneSimulator.Deploy.0 = Release|iPhoneSimulator
		{5F54F853-FB7D-4EEB-BD3A-E7E2BC556795}.Debug|Any CPU.ActiveCfg = Debug|Any CPU
		{5F54F853-FB7D-4EEB-BD3A-E7E2BC556795}.Debug|Any CPU.Build.0 = Debug|Any CPU
		{5F54F853-FB7D-4EEB-BD3A-E7E2BC556795}.Debug|Any CPU.Deploy.0 = Debug|Any CPU
		{5F54F853-FB7D-4EEB-BD3A-E7E2BC556795}.Debug|iPhone.ActiveCfg = Debug|Any CPU
		{5F54F853-FB7D-4EEB-BD3A-E7E2BC556795}.Debug|iPhone.Build.0 = Debug|Any CPU
		{5F54F853-FB7D-4EEB-BD3A-E7E2BC556795}.Debug|iPhone.Deploy.0 = Debug|Any CPU
		{5F54F853-FB7D-4EEB-BD3A-E7E2BC556795}.Debug|iPhoneSimulator.ActiveCfg = Debug|Any CPU
		{5F54F853-FB7D-4EEB-BD3A-E7E2BC556795}.Debug|iPhoneSimulator.Build.0 = Debug|Any CPU
		{5F54F853-FB7D-4EEB-BD3A-E7E2BC556795}.Debug|iPhoneSimulator.Deploy.0 = Debug|Any CPU
		{5F54F853-FB7D-4EEB-BD3A-E7E2BC556795}.Release|Any CPU.ActiveCfg = Release|Any CPU
		{5F54F853-FB7D-4EEB-BD3A-E7E2BC556795}.Release|Any CPU.Build.0 = Release|Any CPU
		{5F54F853-FB7D-4EEB-BD3A-E7E2BC556795}.Release|Any CPU.Deploy.0 = Release|Any CPU
		{5F54F853-FB7D-4EEB-BD3A-E7E2BC556795}.Release|iPhone.ActiveCfg = Release|Any CPU
		{5F54F853-FB7D-4EEB-BD3A-E7E2BC556795}.Release|iPhone.Build.0 = Release|Any CPU
		{5F54F853-FB7D-4EEB-BD3A-E7E2BC556795}.Release|iPhone.Deploy.0 = Release|Any CPU
		{5F54F853-FB7D-4EEB-BD3A-E7E2BC556795}.Release|iPhoneSimulator.ActiveCfg = Release|Any CPU
		{5F54F853-FB7D-4EEB-BD3A-E7E2BC556795}.Release|iPhoneSimulator.Build.0 = Release|Any CPU
		{5F54F853-FB7D-4EEB-BD3A-E7E2BC556795}.Release|iPhoneSimulator.Deploy.0 = Release|Any CPU
	EndGlobalSection
	GlobalSection(SolutionProperties) = preSolution
		HideSolutionNode = FALSE
	EndGlobalSection
	GlobalSection(ExtensibilityGlobals) = postSolution
		SolutionGuid = {04E0D59A-4066-4D51-8B33-4FD51D736A02}
	EndGlobalSection
EndGlobal
